
Microsoft Visual Studio Solution File, Format Version 12.00
# Visual Studio 15
VisualStudioVersion = 15.0.27428.2015
MinimumVisualStudioVersion = 10.0.40219.1
Project("{FAE04EC0-301F-11D3-BF4B-00C04F79EFBC}") = "webservice-demonstration", "webservice-demonstration\webservice-demonstration.csproj", "{9FF28ED5-7329-4E4C-94BB-4BCED6CD08B3}"
	ProjectSection(ProjectDependencies) = postProject
		{6E3CC02F-65FD-431C-B7BA-688F83742953} = {6E3CC02F-65FD-431C-B7BA-688F83742953}
	EndProjectSection
EndProject
Project("{E53339B2-1760-4266-BCC7-CA923CBCF16C}") = "docker-compose", "docker-compose.dcproj", "{6E3CC02F-65FD-431C-B7BA-688F83742953}"
EndProject
Global
	GlobalSection(SolutionConfigurationPlatforms) = preSolution
		Debug|Any CPU = Debug|Any CPU
		Release|Any CPU = Release|Any CPU
	EndGlobalSection
	GlobalSection(ProjectConfigurationPlatforms) = postSolution
		{9FF28ED5-7329-4E4C-94BB-4BCED6CD08B3}.Debug|Any CPU.ActiveCfg = Debug|Any CPU
		{9FF28ED5-7329-4E4C-94BB-4BCED6CD08B3}.Debug|Any CPU.Build.0 = Debug|Any CPU
		{9FF28ED5-7329-4E4C-94BB-4BCED6CD08B3}.Release|Any CPU.ActiveCfg = Release|Any CPU
		{9FF28ED5-7329-4E4C-94BB-4BCED6CD08B3}.Release|Any CPU.Build.0 = Release|Any CPU
		{6E3CC02F-65FD-431C-B7BA-688F83742953}.Debug|Any CPU.ActiveCfg = Debug|Any CPU
		{6E3CC02F-65FD-431C-B7BA-688F83742953}.Debug|Any CPU.Build.0 = Debug|Any CPU
		{6E3CC02F-65FD-431C-B7BA-688F83742953}.Release|Any CPU.ActiveCfg = Release|Any CPU
		{6E3CC02F-65FD-431C-B7BA-688F83742953}.Release|Any CPU.Build.0 = Release|Any CPU
	EndGlobalSection
	GlobalSection(SolutionProperties) = preSolution
		HideSolutionNode = FALSE
	EndGlobalSection
	GlobalSection(ExtensibilityGlobals) = postSolution
		SolutionGuid = {EB5C1B9A-CCA8-466D-9D2C-74C62D489BB1}
	EndGlobalSection
EndGlobal
